%{"floki": {:hex, :floki, "0.17.2", "81b3a39d85f5cae39c8da16236ce152f7f8f50faf84b480ba53351d7e96ca6ca", [:mix], [{:mochiweb, "~> 2.15", [hex: :mochiweb, optional: false]}]},
  "mochiweb": {:hex, :mochiweb, "2.15.0", "e1daac474df07651e5d17cc1e642c4069c7850dc4508d3db7263a0651330aacc", [:rebar3], []},
  "poison": {:hex, :poison, "3.1.0", "d9eb636610e096f86f25d9a46f35a9facac35609a7591b3be3326e99a0484665", [:mix], []},
  "tesla": {:hex, :tesla, "0.7.1", "0a13d25f35632928f36b9042c5051813cc392992f63ad55436c72162a2d8de02", [:mix], [{:exjsx, ">= 0.1.0", [hex: :exjsx, optional: true]}, {:fuse, "~> 2.4", [hex: :fuse, optional: true]}, {:hackney, "~> 1.6", [hex: :hackney, optional: true]}, {:ibrowse, "~> 4.2", [hex: :ibrowse, optional: true]}, {:poison, ">= 1.0.0", [hex: :poison, optional: true]}]}}
